
Microsoft Visual Studio Solution File, Format Version 12.00
# Visual Studio Version 17
VisualStudioVersion = 17.5.33414.496
MinimumVisualStudioVersion = 10.0.40219.1
Project("{FAE04EC0-301F-11D3-BF4B-00C04F79EFBC}") = "FitnessTrackingSystem", "FitnessTrackingSystem.csproj", "{6202F974-E5E8-42AC-92ED-CBFD110CCD9D}"
EndProject
Global
	GlobalSection(SolutionConfigurationPlatforms) = preSolution
		Debug|Any CPU = Debug|Any CPU
		Release|Any CPU = Release|Any CPU
	EndGlobalSection
	GlobalSection(ProjectConfigurationPlatforms) = postSolution
		{6202F974-E5E8-42AC-92ED-CBFD110CCD9D}.Debug|Any CPU.ActiveCfg = Debug|Any CPU
		{6202F974-E5E8-42AC-92ED-CBFD110CCD9D}.Debug|Any CPU.Build.0 = Debug|Any CPU
		{6202F974-E5E8-42AC-92ED-CBFD110CCD9D}.Release|Any CPU.ActiveCfg = Release|Any CPU
		{6202F974-E5E8-42AC-92ED-CBFD110CCD9D}.Release|Any CPU.Build.0 = Release|Any CPU
	EndGlobalSection
	GlobalSection(SolutionProperties) = preSolution
		HideSolutionNode = FALSE
	EndGlobalSection
	GlobalSection(ExtensibilityGlobals) = postSolution
		SolutionGuid = {FE957030-225B-46B0-98E0-20E5360D0DF8}
	EndGlobalSection
EndGlobal
